# This file is automatically @generated by Cargo.
version = 3

[[package]]
name = "rust-sca-old"
version = "0.0.1"
dependencies = ["time"]

[[package]]
name = "time"
version = "0.1.43"
source = "registry+https://github.com/rust-lang/crates.io-index"
checksum = "ca8a50ef2360fbd1eeb0ecd46795a87a19024eb4b53c5dc916ca1fd95fe62438"
